
Microsoft Visual Studio Solution File, Format Version 12.00
# Visual Studio Version 17
VisualStudioVersion = 17.10.35122.118
MinimumVisualStudioVersion = 10.0.40219.1
Project("{9A19103F-16F7-4668-BE54-9A1E7A4F7556}") = "SHA2_Console", "SHA2_Console\SHA2_Console.csproj", "{D704C446-6D47-41AF-A64A-67E3FA8FEAFE}"
EndProject
Project("{9A19103F-16F7-4668-BE54-9A1E7A4F7556}") = "LibSHA2", "LibSHA2\LibSHA2\LibSHA2.csproj", "{33DB5BC2-B759-489B-B6F0-C07877E0907F}"
EndProject
Global
	GlobalSection(SolutionConfigurationPlatforms) = preSolution
		Debug|Any CPU = Debug|Any CPU
		Release|Any CPU = Release|Any CPU
	EndGlobalSection
	GlobalSection(ProjectConfigurationPlatforms) = postSolution
		{D704C446-6D47-41AF-A64A-67E3FA8FEAFE}.Debug|Any CPU.ActiveCfg = Debug|Any CPU
		{D704C446-6D47-41AF-A64A-67E3FA8FEAFE}.Debug|Any CPU.Build.0 = Debug|Any CPU
		{D704C446-6D47-41AF-A64A-67E3FA8FEAFE}.Release|Any CPU.ActiveCfg = Release|Any CPU
		{D704C446-6D47-41AF-A64A-67E3FA8FEAFE}.Release|Any CPU.Build.0 = Release|Any CPU
		{33DB5BC2-B759-489B-B6F0-C07877E0907F}.Debug|Any CPU.ActiveCfg = Debug|Any CPU
		{33DB5BC2-B759-489B-B6F0-C07877E0907F}.Debug|Any CPU.Build.0 = Debug|Any CPU
		{33DB5BC2-B759-489B-B6F0-C07877E0907F}.Release|Any CPU.ActiveCfg = Release|Any CPU
		{33DB5BC2-B759-489B-B6F0-C07877E0907F}.Release|Any CPU.Build.0 = Release|Any CPU
	EndGlobalSection
	GlobalSection(SolutionProperties) = preSolution
		HideSolutionNode = FALSE
	EndGlobalSection
	GlobalSection(ExtensibilityGlobals) = postSolution
		SolutionGuid = {B14DEB8B-A20D-4302-9650-02B3FCE2398D}
	EndGlobalSection
EndGlobal
