
Microsoft Visual Studio Solution File, Format Version 12.00
# Visual Studio Version 17
VisualStudioVersion = 17.10.35122.118
MinimumVisualStudioVersion = 10.0.40219.1
Project("{FAE04EC0-301F-11D3-BF4B-00C04F79EFBC}") = "LibSHA2", "LibSHA2\LibSHA2.csproj", "{65975FE3-EFF8-4177-86BD-CD9C22622761}"
EndProject
Global
	GlobalSection(SolutionConfigurationPlatforms) = preSolution
		Debug|Any CPU = Debug|Any CPU
		Release|Any CPU = Release|Any CPU
	EndGlobalSection
	GlobalSection(ProjectConfigurationPlatforms) = postSolution
		{65975FE3-EFF8-4177-86BD-CD9C22622761}.Debug|Any CPU.ActiveCfg = Debug|Any CPU
		{65975FE3-EFF8-4177-86BD-CD9C22622761}.Debug|Any CPU.Build.0 = Debug|Any CPU
		{65975FE3-EFF8-4177-86BD-CD9C22622761}.Release|Any CPU.ActiveCfg = Release|Any CPU
		{65975FE3-EFF8-4177-86BD-CD9C22622761}.Release|Any CPU.Build.0 = Release|Any CPU
	EndGlobalSection
	GlobalSection(SolutionProperties) = preSolution
		HideSolutionNode = FALSE
	EndGlobalSection
	GlobalSection(ExtensibilityGlobals) = postSolution
		SolutionGuid = {6FEC575A-45A2-4EA7-ABD4-320F99AFA69B}
	EndGlobalSection
EndGlobal
